// !$*UTF8*$!
{
	archiveVersion = 1;
	classes = {
	};
	objectVersion = 46;
	objects = {

/* Begin PBXBuildFile section */
		62B928DF1A9D069000DD70CB /* punch.mp3 in Resources */ = {isa = PBXBuildFile; fileRef = 62B928DE1A9D069000DD70CB /* punch.mp3 */; };
		62EE20AE1A9D0170000F9DEB /* main.m in Sources */ = {isa = PBXBuildFile; fileRef = 62EE20AD1A9D0170000F9DEB /* main.m */; };
		62EE20B11A9D0170000F9DEB /* AppDelegate.m in Sources */ = {isa = PBXBuildFile; fileRef = 62EE20B01A9D0170000F9DEB /* AppDelegate.m */; };
		62EE20B41A9D0170000F9DEB /* ViewController.m in Sources */ = {isa = PBXBuildFile; fileRef = 62EE20B31A9D0170000F9DEB /* ViewController.m */; };
		62EE20B71A9D0170000F9DEB /* Main.storyboard in Resources */ = {isa = PBXBuildFile; fileRef = 62EE20B51A9D0170000F9DEB /* Main.storyboard */; };
		62EE20B91A9D0170000F9DEB /* Images.xcassets in Resources */ = {isa = PBXBuildFile; fileRef = 62EE20B81A9D0170000F9DEB /* Images.xcassets */; };
		62EE20BC1A9D0170000F9DEB /* LaunchScreen.xib in Resources */ = {isa = PBXBuildFile; fileRef = 62EE20BA1A9D0170000F9DEB /* LaunchScreen.xib */; };
		62EE20C81A9D0170000F9DEB /* Slap_JustinTests.m in Sources */ = {isa = PBXBuildFile; fileRef = 62EE20C71A9D0170000F9DEB /* Slap_JustinTests.m */; };
/* End PBXBuildFile section */

/* Begin PBXContainerItemProxy section */
		62EE20C21A9D0170000F9DEB /* PBXContainerItemProxy */ = {
			isa = PBXContainerItemProxy;
			containerPortal = 62EE20A01A9D0170000F9DEB /* Project object */;
			proxyType = 1;
			remoteGlobalIDString = 62EE20A71A9D0170000F9DEB;
			remoteInfo = "Slap Justin";
		};
/* End PBXContainerItemProxy section */

/* Begin PBXFileReference section */
		62B928DE1A9D069000DD70CB /* punch.mp3 */ = {isa = PBXFileReference; lastKnownFileType = audio.mp3; path = punch.mp3; sourceTree = "<group>"; };
		62EE20A81A9D0170000F9DEB /* Slap Justin.app */ = {isa = PBXFileReference; explicitFileType = wrapper.application; includeInIndex = 0; path = "Slap Justin.app"; sourceTree = BUILT_PRODUCTS_DIR; };
		62EE20AC1A9D0170000F9DEB /* Info.plist */ = {isa = PBXFileReference; lastKnownFileType = text.plist.xml; path = Info.plist; sourceTree = "<group>"; };
		62EE20AD1A9D0170000F9DEB /* main.m */ = {isa = PBXFileReference; lastKnownFileType = sourcecode.c.objc; path = main.m; sourceTree = "<group>"; };
		62EE20AF1A9D0170000F9DEB /* AppDelegate.h */ = {isa = PBXFileReference; lastKnownFileType = sourcecode.c.h; path = AppDelegate.h; sourceTree = "<group>"; };
		62EE20B01A9D0170000F9DEB /* AppDelegate.m */ = {isa = PBXFileReference; lastKnownFileType = sourcecode.c.objc; path = AppDelegate.m; sourceTree = "<group>"; };
		62EE20B21A9D0170000F9DEB /* ViewController.h */ = {isa = PBXFileReference; lastKnownFileType = sourcecode.c.h; path = ViewController.h; sourceTree = "<group>"; };
		62EE20B31A9D0170000F9DEB /* ViewController.m */ = {isa = PBXFileReference; lastKnownFileType = sourcecode.c.objc; path = ViewController.m; sourceTree = "<group>"; };
		62EE20B61A9D0170000F9DEB /* Base */ = {isa = PBXFileReference; lastKnownFileType = file.storyboard; name = Base; path = Base.lproj/Main.storyboard; sourceTree = "<group>"; };
		62EE20B81A9D0170000F9DEB /* Images.xcassets */ = {isa = PBXFileReference; lastKnownFileType = folder.assetcatalog; path = Images.xcassets; sourceTree = "<group>"; };
		62EE20BB1A9D0170000F9DEB /* Base */ = {isa = PBXFileReference; lastKnownFileType = file.xib; name = Base; path = Base.lproj/LaunchScreen.xib; sourceTree = "<group>"; };
		62EE20C11A9D0170000F9DEB /* Slap JustinTests.xctest */ = {isa = PBXFileReference; explicitFileType = wrapper.cfbundle; includeInIndex = 0; path = "Slap JustinTests.xctest"; sourceTree = BUILT_PRODUCTS_DIR; };
		62EE20C61A9D0170000F9DEB /* Info.plist */ = {isa = PBXFileReference; lastKnownFileType = text.plist.xml; path = Info.plist; sourceTree = "<group>"; };
		62EE20C71A9D0170000F9DEB /* Slap_JustinTests.m */ = {isa = PBXFileReference; lastKnownFileType = sourcecode.c.objc; path = Slap_JustinTests.m; sourceTree = "<group>"; };
/* End PBXFileReference section */

/* Begin PBXFrameworksBuildPhase section */
		62EE20A51A9D0170000F9DEB /* Frameworks */ = {
			isa = PBXFrameworksBuildPhase;
			buildActionMask = 2147483647;
			files = (
			);
			runOnlyForDeploymentPostprocessing = 0;
		};
		62EE20BE1A9D0170000F9DEB /* Frameworks */ = {
			isa = PBXFrameworksBuildPhase;
			buildActionMask = 2147483647;
			files = (
			);
			runOnlyForDeploymentPostprocessing = 0;
		};
/* End PBXFrameworksBuildPhase section */

/* Begin PBXGroup section */
		62EE209F1A9D0170000F9DEB = {
			isa = PBXGroup;
			children = (
				62EE20AA1A9D0170000F9DEB /* Slap Justin */,
				62EE20C41A9D0170000F9DEB /* Slap JustinTests */,
				62EE20A91A9D0170000F9DEB /* Products */,
			);
			sourceTree = "<group>";
			usesTabs = 1;
		};
		62EE20A91A9D0170000F9DEB /* Products */ = {
			isa = PBXGroup;
			children = (
				62EE20A81A9D0170000F9DEB /* Slap Justin.app */,
				62EE20C11A9D0170000F9DEB /* Slap JustinTests.xctest */,
			);
			name = Products;
			sourceTree = "<group>";
		};
		62EE20AA1A9D0170000F9DEB /* Slap Justin */ = {
			isa = PBXGroup;
			children = (
				62B928DE1A9D069000DD70CB /* punch.mp3 */,
				62EE20AF1A9D0170000F9DEB /* AppDelegate.h */,
				62EE20B01A9D0170000F9DEB /* AppDelegate.m */,
				62EE20B21A9D0170000F9DEB /* ViewController.h */,
				62EE20B31A9D0170000F9DEB /* ViewController.m */,
				62EE20B51A9D0170000F9DEB /* Main.storyboard */,
				62EE20B81A9D0170000F9DEB /* Images.xcassets */,
				62EE20BA1A9D0170000F9DEB /* LaunchScreen.xib */,
				62EE20AB1A9D0170000F9DEB /* Supporting Files */,
			);
			path = "Slap Justin";
			sourceTree = "<group>";
		};
		62EE20AB1A9D0170000F9DEB /* Supporting Files */ = {
			isa = PBXGroup;
			children = (
				62EE20AC1A9D0170000F9DEB /* Info.plist */,
				62EE20AD1A9D0170000F9DEB /* main.m */,
			);
			name = "Supporting Files";
			sourceTree = "<group>";
		};
		62EE20C41A9D0170000F9DEB /* Slap JustinTests */ = {
			isa = PBXGroup;
			children = (
				62EE20C71A9D0170000F9DEB /* Slap_JustinTests.m */,
				62EE20C51A9D0170000F9DEB /* Supporting Files */,
			);
			path = "Slap JustinTests";
			sourceTree = "<group>";
		};
		62EE20C51A9D0170000F9DEB /* Supporting Files */ = {
			isa = PBXGroup;
			children = (
				62EE20C61A9D0170000F9DEB /* Info.plist */,
			);
			name = "Supporting Files";
			sourceTree = "<group>";
		};
/* End PBXGroup section */

/* Begin PBXNativeTarget section */
		62EE20A71A9D0170000F9DEB /* Slap Justin */ = {
			isa = PBXNativeTarget;
			buildConfigurationList = 62EE20CB1A9D0170000F9DEB /* Build configuration list for PBXNativeTarget "Slap Justin" */;
			buildPhases = (
				62EE20A41A9D0170000F9DEB /* Sources */,
				62EE20A51A9D0170000F9DEB /* Frameworks */,
				62EE20A61A9D0170000F9DEB /* Resources */,
			);
			buildRules = (
			);
			dependencies = (
			);
			name = "Slap Justin";
			productName = "Slap Justin";
			productReference = 62EE20A81A9D0170000F9DEB /* Slap Justin.app */;
			productType = "com.apple.product-type.application";
		};
		62EE20C01A9D0170000F9DEB /* Slap JustinTests */ = {
			isa = PBXNativeTarget;
			buildConfigurationList = 62EE20CE1A9D0170000F9DEB /* Build configuration list for PBXNativeTarget "Slap JustinTests" */;
			buildPhases = (
				62EE20BD1A9D0170000F9DEB /* Sources */,
				62EE20BE1A9D0170000F9DEB /* Frameworks */,
				62EE20BF1A9D0170000F9DEB /* Resources */,
			);
			buildRules = (
			);
			dependencies = (
				62EE20C31A9D0170000F9DEB /* PBXTargetDependency */,
			);
			name = "Slap JustinTests";
			productName = "Slap JustinTests";
			productReference = 62EE20C11A9D0170000F9DEB /* Slap JustinTests.xctest */;
			productType = "com.apple.product-type.bundle.unit-test";
		};
/* End PBXNativeTarget section */

/* Begin PBXProject section */
		62EE20A01A9D0170000F9DEB /* Project object */ = {
			isa = PBXProject;
			attributes = {
				LastUpgradeCheck = 0610;
				ORGANIZATIONNAME = "Henrique Valcanaia";
				TargetAttributes = {
					62EE20A71A9D0170000F9DEB = {
						CreatedOnToolsVersion = 6.1.1;
						DevelopmentTeam = 8WCPHDZJPJ;
					};
					62EE20C01A9D0170000F9DEB = {
						CreatedOnToolsVersion = 6.1.1;
						TestTargetID = 62EE20A71A9D0170000F9DEB;
					};
				};
			};
			buildConfigurationList = 62EE20A31A9D0170000F9DEB /* Build configuration list for PBXProject "Slap Justin" */;
			compatibilityVersion = "Xcode 3.2";
			developmentRegion = English;
			hasScannedForEncodings = 0;
			knownRegions = (
				en,
				Base,
			);
			mainGroup = 62EE209F1A9D0170000F9DEB;
			productRefGroup = 62EE20A91A9D0170000F9DEB /* Products */;
			projectDirPath = "";
			projectRoot = "";
			targets = (
				62EE20A71A9D0170000F9DEB /* Slap Justin */,
				62EE20C01A9D0170000F9DEB /* Slap JustinTests */,
			);
		};
/* End PBXProject section */

/* Begin PBXResourcesBuildPhase section */
		62EE20A61A9D0170000F9DEB /* Resources */ = {
			isa = PBXResourcesBuildPhase;
			buildActionMask = 2147483647;
			files = (
				62EE20B71A9D0170000F9DEB /* Main.storyboard in Resources */,
				62B928DF1A9D069000DD70CB /* punch.mp3 in Resources */,
				62EE20BC1A9D0170000F9DEB /* LaunchScreen.xib in Resources */,
				62EE20B91A9D0170000F9DEB /* Images.xcassets in Resources */,
			);
			runOnlyForDeploymentPostprocessing = 0;
		};
		62EE20BF1A9D0170000F9DEB /* Resources */ = {
			isa = PBXResourcesBuildPhase;
			buildActionMask = 2147483647;
			files = (
			);
			runOnlyForDeploymentPostprocessing = 0;
		};
/* End PBXResourcesBuildPhase section */

/* Begin PBXSourcesBuildPhase section */
		62EE20A41A9D0170000F9DEB /* Sources */ = {
			isa = PBXSourcesBuildPhase;
			buildActionMask = 2147483647;
			files = (
				62EE20B41A9D0170000F9DEB /* ViewController.m in Sources */,
				62EE20B11A9D0170000F9DEB /* AppDelegate.m in Sources */,
				62EE20AE1A9D0170000F9DEB /* main.m in Sources */,
			);
			runOnlyForDeploymentPostprocessing = 0;
		};
		62EE20BD1A9D0170000F9DEB /* Sources */ = {
			isa = PBXSourcesBuildPhase;
			buildActionMask = 2147483647;
			files = (
				62EE20C81A9D0170000F9DEB /* Slap_JustinTests.m in Sources */,
			);
			runOnlyForDeploymentPostprocessing = 0;
		};
/* End PBXSourcesBuildPhase section */

/* Begin PBXTargetDependency section */
		62EE20C31A9D0170000F9DEB /* PBXTargetDependency */ = {
			isa = PBXTargetDependency;
			target = 62EE20A71A9D0170000F9DEB /* Slap Justin */;
			targetProxy = 62EE20C21A9D0170000F9DEB /* PBXContainerItemProxy */;
		};
/* End PBXTargetDependency section */

/* Begin PBXVariantGroup section */
		62EE20B51A9D0170000F9DEB /* Main.storyboard */ = {
			isa = PBXVariantGroup;
			children = (
				62EE20B61A9D0170000F9DEB /* Base */,
			);
			name = Main.storyboard;
			sourceTree = "<group>";
		};
		62EE20BA1A9D0170000F9DEB /* LaunchScreen.xib */ = {
			isa = PBXVariantGroup;
			children = (
				62EE20BB1A9D0170000F9DEB /* Base */,
			);
			name = LaunchScreen.xib;
			sourceTree = "<group>";
		};
/* End PBXVariantGroup section */

/* Begin XCBuildConfiguration section */
		62EE20C91A9D0170000F9DEB /* Debug */ = {
			isa = XCBuildConfiguration;
			buildSettings = {
				ALWAYS_SEARCH_USER_PATHS = NO;
				CLANG_CXX_LANGUAGE_STANDARD = "gnu++0x";
				CLANG_CXX_LIBRARY = "libc++";
				CLANG_ENABLE_MODULES = YES;
				CLANG_ENABLE_OBJC_ARC = YES;
				CLANG_WARN_BOOL_CONVERSION = YES;
				CLANG_WARN_CONSTANT_CONVERSION = YES;
				CLANG_WARN_DIRECT_OBJC_ISA_USAGE = YES_ERROR;
				CLANG_WARN_EMPTY_BODY = YES;
				CLANG_WARN_ENUM_CONVERSION = YES;
				CLANG_WARN_INT_CONVERSION = YES;
				CLANG_WARN_OBJC_ROOT_CLASS = YES_ERROR;
				CLANG_WARN_UNREACHABLE_CODE = YES;
				CLANG_WARN__DUPLICATE_METHOD_MATCH = YES;
				"CODE_SIGN_IDENTITY[sdk=iphoneos*]" = "iPhone Developer";
				COPY_PHASE_STRIP = NO;
				ENABLE_STRICT_OBJC_MSGSEND = YES;
				GCC_C_LANGUAGE_STANDARD = gnu99;
				GCC_DYNAMIC_NO_PIC = NO;
				GCC_OPTIMIZATION_LEVEL = 0;
				GCC_PREPROCESSOR_DEFINITIONS = (
					"DEBUG=1",
					"$(inherited)",
				);
				GCC_SYMBOLS_PRIVATE_EXTERN = NO;
				GCC_WARN_64_TO_32_BIT_CONVERSION = YES;
				GCC_WARN_ABOUT_RETURN_TYPE = YES_ERROR;
				GCC_WARN_UNDECLARED_SELECTOR = YES;
				GCC_WARN_UNINITIALIZED_AUTOS = YES_AGGRESSIVE;
				GCC_WARN_UNUSED_FUNCTION = YES;
				GCC_WARN_UNUSED_VARIABLE = YES;
				IPHONEOS_DEPLOYMENT_TARGET = 8.1;
				MTL_ENABLE_DEBUG_INFO = YES;
				ONLY_ACTIVE_ARCH = YES;
				SDKROOT = iphoneos;
				TARGETED_DEVICE_FAMILY = "1,2";
			};
			name = Debug;
		};
		62EE20CA1A9D0170000F9DEB /* Release */ = {
			isa = XCBuildConfiguration;
			buildSettings = {
				ALWAYS_SEARCH_USER_PATHS = NO;
				CLANG_CXX_LANGUAGE_STANDARD = "gnu++0x";
				CLANG_CXX_LIBRARY = "libc++";
				CLANG_ENABLE_MODULES = YES;
				CLANG_ENABLE_OBJC_ARC = YES;
				CLANG_WARN_BOOL_CONVERSION = YES;
				CLANG_WARN_CONSTANT_CONVERSION = YES;
				CLANG_WARN_DIRECT_OBJC_ISA_USAGE = YES_ERROR;
				CLANG_WARN_EMPTY_BODY = YES;
				CLANG_WARN_ENUM_CONVERSION = YES;
				CLANG_WARN_INT_CONVERSION = YES;
				CLANG_WARN_OBJC_ROOT_CLASS = YES_ERROR;
				CLANG_WARN_UNREACHABLE_CODE = YES;
				CLANG_WARN__DUPLICATE_METHOD_MATCH = YES;
				"CODE_SIGN_IDENTITY[sdk=iphoneos*]" = "iPhone Developer";
				COPY_PHASE_STRIP = YES;
				ENABLE_NS_ASSERTIONS = NO;
				ENABLE_STRICT_OBJC_MSGSEND = YES;
				GCC_C_LANGUAGE_STANDARD = gnu99;
				GCC_WARN_64_TO_32_BIT_CONVERSION = YES;
				GCC_WARN_ABOUT_RETURN_TYPE = YES_ERROR;
				GCC_WARN_UNDECLARED_SELECTOR = YES;
				GCC_WARN_UNINITIALIZED_AUTOS = YES_AGGRESSIVE;
				GCC_WARN_UNUSED_FUNCTION = YES;
				GCC_WARN_UNUSED_VARIABLE = YES;
				IPHONEOS_DEPLOYMENT_TARGET = 8.1;
				MTL_ENABLE_DEBUG_INFO = NO;
				SDKROOT = iphoneos;
				TARGETED_DEVICE_FAMILY = "1,2";
				VALIDATE_PRODUCT = YES;
			};
			name = Release;
		};
		62EE20CC1A9D0170000F9DEB /* Debug */ = {
			isa = XCBuildConfiguration;
			buildSettings = {
				ASSETCATALOG_COMPILER_APPICON_NAME = AppIcon;
				INFOPLIST_FILE = "Slap Justin/Info.plist";
				LD_RUNPATH_SEARCH_PATHS = "$(inherited) @executable_path/Frameworks";
				PRODUCT_NAME = "$(TARGET_NAME)";
				TARGETED_DEVICE_FAMILY = 1;
			};
			name = Debug;
		};
		62EE20CD1A9D0170000F9DEB /* Release */ = {
			isa = XCBuildConfiguration;
			buildSettings = {
				ASSETCATALOG_COMPILER_APPICON_NAME = AppIcon;
				INFOPLIST_FILE = "Slap Justin/Info.plist";
				LD_RUNPATH_SEARCH_PATHS = "$(inherited) @executable_path/Frameworks";
				PRODUCT_NAME = "$(TARGET_NAME)";
				TARGETED_DEVICE_FAMILY = 1;
			};
			name = Release;
		};
		62EE20CF1A9D0170000F9DEB /* Debug */ = {
			isa = XCBuildConfiguration;
			buildSettings = {
				BUNDLE_LOADER = "$(TEST_HOST)";
				FRAMEWORK_SEARCH_PATHS = (
					"$(SDKROOT)/Developer/Library/Frameworks",
					"$(inherited)",
				);
				GCC_PREPROCESSOR_DEFINITIONS = (
					"DEBUG=1",
					"$(inherited)",
				);
				INFOPLIST_FILE = "Slap JustinTests/Info.plist";
				LD_RUNPATH_SEARCH_PATHS = "$(inherited) @executable_path/Frameworks @loader_path/Frameworks";
				PRODUCT_NAME = "$(TARGET_NAME)";
				TEST_HOST = "$(BUILT_PRODUCTS_DIR)/Slap Justin.app/Slap Justin";
			};
			name = Debug;
		};
		62EE20D01A9D0170000F9DEB /* Release */ = {
			isa = XCBuildConfiguration;
			buildSettings = {
				BUNDLE_LOADER = "$(TEST_HOST)";
				FRAMEWORK_SEARCH_PATHS = (
					"$(SDKROOT)/Developer/Library/Frameworks",
					"$(inherited)",
				);
				INFOPLIST_FILE = "Slap JustinTests/Info.plist";
				LD_RUNPATH_SEARCH_PATHS = "$(inherited) @executable_path/Frameworks @loader_path/Frameworks";
				PRODUCT_NAME = "$(TARGET_NAME)";
				TEST_HOST = "$(BUILT_PRODUCTS_DIR)/Slap Justin.app/Slap Justin";
			};
			name = Release;
		};
/* End XCBuildConfiguration section */

/* Begin XCConfigurationList section */
		62EE20A31A9D0170000F9DEB /* Build configuration list for PBXProject "Slap Justin" */ = {
			isa = XCConfigurationList;
			buildConfigurations = (
				62EE20C91A9D0170000F9DEB /* Debug */,
				62EE20CA1A9D0170000F9DEB /* Release */,
			);
			defaultConfigurationIsVisible = 0;
			defaultConfigurationName = Release;
		};
		62EE20CB1A9D0170000F9DEB /* Build configuration list for PBXNativeTarget "Slap Justin" */ = {
			isa = XCConfigurationList;
			buildConfigurations = (
				62EE20CC1A9D0170000F9DEB /* Debug */,
				62EE20CD1A9D0170000F9DEB /* Release */,
			);
			defaultConfigurationIsVisible = 0;
			defaultConfigurationName = Release;
		};
		62EE20CE1A9D0170000F9DEB /* Build configuration list for PBXNativeTarget "Slap JustinTests" */ = {
			isa = XCConfigurationList;
			buildConfigurations = (
				62EE20CF1A9D0170000F9DEB /* Debug */,
				62EE20D01A9D0170000F9DEB /* Release */,
			);
			defaultConfigurationIsVisible = 0;
			defaultConfigurationName = Release;
		};
/* End XCConfigurationList section */
	};
	rootObject = 62EE20A01A9D0170000F9DEB /* Project object */;
}
